
Microsoft Visual Studio Solution File, Format Version 12.00
# Visual Studio Version 17
VisualStudioVersion = 17.0.32126.317
MinimumVisualStudioVersion = 10.0.40219.1
Project("{FAE04EC0-301F-11D3-BF4B-00C04F79EFBC}") = "PlantGrowing_CourseWork_2course", "PlantGrowing_CourseWork_2course\PlantGrowing_CourseWork_2course.csproj", "{2CF7E05D-D807-4199-BC66-BEB0D4BEE028}"
EndProject
Global
	GlobalSection(SolutionConfigurationPlatforms) = preSolution
		Debug|Any CPU = Debug|Any CPU
		Release|Any CPU = Release|Any CPU
	EndGlobalSection
	GlobalSection(ProjectConfigurationPlatforms) = postSolution
		{2CF7E05D-D807-4199-BC66-BEB0D4BEE028}.Debug|Any CPU.ActiveCfg = Debug|Any CPU
		{2CF7E05D-D807-4199-BC66-BEB0D4BEE028}.Debug|Any CPU.Build.0 = Debug|Any CPU
		{2CF7E05D-D807-4199-BC66-BEB0D4BEE028}.Release|Any CPU.ActiveCfg = Release|Any CPU
		{2CF7E05D-D807-4199-BC66-BEB0D4BEE028}.Release|Any CPU.Build.0 = Release|Any CPU
	EndGlobalSection
	GlobalSection(SolutionProperties) = preSolution
		HideSolutionNode = FALSE
	EndGlobalSection
	GlobalSection(ExtensibilityGlobals) = postSolution
		SolutionGuid = {480D4D19-D53E-441C-B002-3463F188F930}
	EndGlobalSection
EndGlobal
